{
  "name": "proven-runtime",
  "lockfileVersion": 3,
  "requires": true,
  "packages": {
    "": {
      "name": "proven-runtime",
      "dependencies": {
        "@radixdlt/babylon-gateway-api-sdk": "^1.7.3"
      }
    },
    "node_modules/@radixdlt/babylon-gateway-api-sdk": {
      "version": "1.7.3",
      "resolved": "https://registry.npmjs.org/@radixdlt/babylon-gateway-api-sdk/-/babylon-gateway-api-sdk-1.7.3.tgz",
      "integrity": "sha512-wmdWX0AWCRSfKf6C3euiksJx9fpiGDN/8Hvmnw7PrHAY82k+CLaewWOL9P8pVD/s0mVXmReuOk9s3wJ5i+Nrxw=="
    }
  }
}
